
Microsoft Visual Studio Solution File, Format Version 12.00
# Visual Studio 2017
Project("{FAE04EC0-301F-11D3-BF4B-00C04F79EFBC}") = "GraphProj", "GraphProj.csproj", "{9DE03D8A-233B-4BA9-BD1B-115F0ED69BBB}"
EndProject
Global
	GlobalSection(SolutionConfigurationPlatforms) = preSolution
		Debug|Any CPU = Debug|Any CPU
		Release|Any CPU = Release|Any CPU
	EndGlobalSection
	GlobalSection(ProjectConfigurationPlatforms) = postSolution
		{9DE03D8A-233B-4BA9-BD1B-115F0ED69BBB}.Debug|Any CPU.ActiveCfg = Debug|Any CPU
		{9DE03D8A-233B-4BA9-BD1B-115F0ED69BBB}.Debug|Any CPU.Build.0 = Debug|Any CPU
		{9DE03D8A-233B-4BA9-BD1B-115F0ED69BBB}.Release|Any CPU.ActiveCfg = Release|Any CPU
		{9DE03D8A-233B-4BA9-BD1B-115F0ED69BBB}.Release|Any CPU.Build.0 = Release|Any CPU
	EndGlobalSection
EndGlobal
